
Microsoft Visual Studio Solution File, Format Version 12.00
# Visual Studio Version 17
VisualStudioVersion = 17.9.34728.123
MinimumVisualStudioVersion = 10.0.40219.1
Project("{9A19103F-16F7-4668-BE54-9A1E7A4F7556}") = "MatchLogic.Api", "src\MatchLogic.Api\MatchLogic.Api.csproj", "{7BB1E674-BC4C-4A4E-873E-FEE2F57AED4E}"
EndProject
Project("{2150E333-8FDC-42A3-9474-1A3956D46DE8}") = "src", "src", "{9485D4F4-9E94-4058-A11B-40BD0511E99D}"
EndProject
Project("{2150E333-8FDC-42A3-9474-1A3956D46DE8}") = "Api", "Api", "{C7816907-144D-4EB4-B645-3E7E03BD4835}"
EndProject
Project("{E53339B2-1760-4266-BCC7-CA923CBCF16C}") = "docker-compose", "docker-compose.dcproj", "{7873047B-1B2D-40D8-AEBE-587D2E3C201B}"
EndProject
Project("{2150E333-8FDC-42A3-9474-1A3956D46DE8}") = "Solution Items", "Solution Items", "{346415FF-9233-459C-AE00-06ACFE985BC1}"
EndProject
Project("{2150E333-8FDC-42A3-9474-1A3956D46DE8}") = "build", "build", "{85F6B20D-7DD1-4E73-959C-0457668CCE5F}"
	ProjectSection(SolutionItems) = preProject
		.github\workflows\build.yml = .github\workflows\build.yml
	EndProjectSection
EndProject
Project("{2150E333-8FDC-42A3-9474-1A3956D46DE8}") = "deps", "deps", "{4BE8D923-E856-40F3-9AB6-4DA4B760F24F}"
	ProjectSection(SolutionItems) = preProject
		.github\dependabot.yml = .github\dependabot.yml
		Directory.Packages.props = Directory.Packages.props
	EndProjectSection
EndProject
Project("{2150E333-8FDC-42A3-9474-1A3956D46DE8}") = "rules", "rules", "{B9AA6117-3A61-4E16-9281-D4C4A9B5253F}"
EndProject
Project("{2150E333-8FDC-42A3-9474-1A3956D46DE8}") = "docs", "docs", "{16C3D5B3-4A1C-48B3-979F-29400BB2ECE7}"
	ProjectSection(SolutionItems) = preProject
		README.md = README.md
	EndProjectSection
EndProject
Project("{2150E333-8FDC-42A3-9474-1A3956D46DE8}") = "deploy", "deploy", "{A1B2C3D4-E5F6-7890-ABCD-EF1234567890}"
	ProjectSection(SolutionItems) = preProject
		deploy\docker-compose.dev.yml = deploy\docker-compose.dev.yml
		deploy\docker-compose.installer.yml = deploy\docker-compose.installer.yml
		deploy\docker-compose.yml = deploy\docker-compose.yml
	EndProjectSection
EndProject
Project("{2150E333-8FDC-42A3-9474-1A3956D46DE8}") = "keycloak", "keycloak", "{B1C2D3E4-F5A6-7890-ABCD-EF1234500001}"
	ProjectSection(SolutionItems) = preProject
		deploy\keycloak\realm-export-dev.json = deploy\keycloak\realm-export-dev.json
		deploy\keycloak\realm-export.installer.json = deploy\keycloak\realm-export.installer.json
		deploy\keycloak\realm-export.json = deploy\keycloak\realm-export.json
	EndProjectSection
EndProject
Project("{2150E333-8FDC-42A3-9474-1A3956D46DE8}") = "providers", "providers", "{B1C2D3E4-F5A6-7890-ABCD-EF1234500002}"
	ProjectSection(SolutionItems) = preProject
		deploy\providers\keywind.jar = deploy\providers\keywind.jar
	EndProjectSection
EndProject
Project("{2150E333-8FDC-42A3-9474-1A3956D46DE8}") = "tests", "tests", "{C4FEF820-D0AA-44F2-9801-3A88644C6C9A}"
EndProject
Project("{FAE04EC0-301F-11D3-BF4B-00C04F79EFBC}") = "MatchLogic.Api.IntegrationTests", "tests\MatchLogic.Api.IntegrationTests\MatchLogic.Api.IntegrationTests.csproj", "{0842B45B-5B59-461D-AD13-22A7D0A8FC7C}"
EndProject
Project("{2150E333-8FDC-42A3-9474-1A3956D46DE8}") = "Domain", "Domain", "{A408421F-C695-4DB0-B060-7D032E37A073}"
EndProject
Project("{2150E333-8FDC-42A3-9474-1A3956D46DE8}") = "Infrastructure", "Infrastructure", "{2031AB24-E14F-411C-9A76-52260A050DAB}"
EndProject
Project("{2150E333-8FDC-42A3-9474-1A3956D46DE8}") = "Application", "Application", "{3260AC1C-97A0-417C-B6CC-C188073DDB6B}"
EndProject
Project("{FAE04EC0-301F-11D3-BF4B-00C04F79EFBC}") = "MatchLogic.Domain", "src\MatchLogic.Domain\MatchLogic.Domain.csproj", "{43DB3DC0-2D44-47A7-839B-1F7E07113E12}"
EndProject
Project("{FAE04EC0-301F-11D3-BF4B-00C04F79EFBC}") = "MatchLogic.Application", "src\MatchLogic.Application\MatchLogic.Application.csproj", "{8609D374-1632-4CC2-865D-45C27F35C7ED}"
EndProject
Project("{FAE04EC0-301F-11D3-BF4B-00C04F79EFBC}") = "MatchLogic.Infrastructure", "src\MatchLogic.Infrastructure\MatchLogic.Infrastructure.csproj", "{8A172552-D8F0-477F-9575-B370615FE495}"
EndProject
Project("{FAE04EC0-301F-11D3-BF4B-00C04F79EFBC}") = "MatchLogic.Application.UnitTests", "tests\MatchLogic.Application.UnitTests\MatchLogic.Application.UnitTests.csproj", "{C553935B-E009-4219-B42D-01F87A35275B}"
EndProject
Global
	GlobalSection(SolutionConfigurationPlatforms) = preSolution
		Debug|Any CPU = Debug|Any CPU
		Debug|x86 = Debug|x86
		Release|Any CPU = Release|Any CPU
		Release|x86 = Release|x86
	EndGlobalSection
	GlobalSection(ProjectConfigurationPlatforms) = postSolution
		{7BB1E674-BC4C-4A4E-873E-FEE2F57AED4E}.Debug|Any CPU.ActiveCfg = Debug|Any CPU
		{7BB1E674-BC4C-4A4E-873E-FEE2F57AED4E}.Debug|Any CPU.Build.0 = Debug|Any CPU
		{7BB1E674-BC4C-4A4E-873E-FEE2F57AED4E}.Debug|x86.ActiveCfg = Debug|Any CPU
		{7BB1E674-BC4C-4A4E-873E-FEE2F57AED4E}.Debug|x86.Build.0 = Debug|Any CPU
		{7BB1E674-BC4C-4A4E-873E-FEE2F57AED4E}.Release|Any CPU.ActiveCfg = Release|Any CPU
		{7BB1E674-BC4C-4A4E-873E-FEE2F57AED4E}.Release|Any CPU.Build.0 = Release|Any CPU
		{7BB1E674-BC4C-4A4E-873E-FEE2F57AED4E}.Release|x86.ActiveCfg = Release|Any CPU
		{7BB1E674-BC4C-4A4E-873E-FEE2F57AED4E}.Release|x86.Build.0 = Release|Any CPU
		{7873047B-1B2D-40D8-AEBE-587D2E3C201B}.Debug|Any CPU.ActiveCfg = Debug|Any CPU
		{7873047B-1B2D-40D8-AEBE-587D2E3C201B}.Debug|x86.ActiveCfg = Debug|Any CPU
		{7873047B-1B2D-40D8-AEBE-587D2E3C201B}.Debug|x86.Build.0 = Debug|Any CPU
		{7873047B-1B2D-40D8-AEBE-587D2E3C201B}.Release|Any CPU.ActiveCfg = Release|Any CPU
		{7873047B-1B2D-40D8-AEBE-587D2E3C201B}.Release|Any CPU.Build.0 = Release|Any CPU
		{7873047B-1B2D-40D8-AEBE-587D2E3C201B}.Release|x86.ActiveCfg = Release|Any CPU
		{7873047B-1B2D-40D8-AEBE-587D2E3C201B}.Release|x86.Build.0 = Release|Any CPU
		{0842B45B-5B59-461D-AD13-22A7D0A8FC7C}.Debug|Any CPU.ActiveCfg = Debug|Any CPU
		{0842B45B-5B59-461D-AD13-22A7D0A8FC7C}.Debug|Any CPU.Build.0 = Debug|Any CPU
		{0842B45B-5B59-461D-AD13-22A7D0A8FC7C}.Debug|x86.ActiveCfg = Debug|Any CPU
		{0842B45B-5B59-461D-AD13-22A7D0A8FC7C}.Debug|x86.Build.0 = Debug|Any CPU
		{0842B45B-5B59-461D-AD13-22A7D0A8FC7C}.Release|Any CPU.ActiveCfg = Release|Any CPU
		{0842B45B-5B59-461D-AD13-22A7D0A8FC7C}.Release|Any CPU.Build.0 = Release|Any CPU
		{0842B45B-5B59-461D-AD13-22A7D0A8FC7C}.Release|x86.ActiveCfg = Release|Any CPU
		{0842B45B-5B59-461D-AD13-22A7D0A8FC7C}.Release|x86.Build.0 = Release|Any CPU
		{43DB3DC0-2D44-47A7-839B-1F7E07113E12}.Debug|Any CPU.ActiveCfg = Debug|Any CPU
		{43DB3DC0-2D44-47A7-839B-1F7E07113E12}.Debug|Any CPU.Build.0 = Debug|Any CPU
		{43DB3DC0-2D44-47A7-839B-1F7E07113E12}.Debug|x86.ActiveCfg = Debug|Any CPU
		{43DB3DC0-2D44-47A7-839B-1F7E07113E12}.Debug|x86.Build.0 = Debug|Any CPU
		{43DB3DC0-2D44-47A7-839B-1F7E07113E12}.Release|Any CPU.ActiveCfg = Release|Any CPU
		{43DB3DC0-2D44-47A7-839B-1F7E07113E12}.Release|Any CPU.Build.0 = Release|Any CPU
		{43DB3DC0-2D44-47A7-839B-1F7E07113E12}.Release|x86.ActiveCfg = Release|Any CPU
		{43DB3DC0-2D44-47A7-839B-1F7E07113E12}.Release|x86.Build.0 = Release|Any CPU
		{8609D374-1632-4CC2-865D-45C27F35C7ED}.Debug|Any CPU.ActiveCfg = Debug|Any CPU
		{8609D374-1632-4CC2-865D-45C27F35C7ED}.Debug|Any CPU.Build.0 = Debug|Any CPU
		{8609D374-1632-4CC2-865D-45C27F35C7ED}.Debug|x86.ActiveCfg = Debug|Any CPU
		{8609D374-1632-4CC2-865D-45C27F35C7ED}.Debug|x86.Build.0 = Debug|Any CPU
		{8609D374-1632-4CC2-865D-45C27F35C7ED}.Release|Any CPU.ActiveCfg = Release|Any CPU
		{8609D374-1632-4CC2-865D-45C27F35C7ED}.Release|Any CPU.Build.0 = Release|Any CPU
		{8609D374-1632-4CC2-865D-45C27F35C7ED}.Release|x86.ActiveCfg = Release|Any CPU
		{8609D374-1632-4CC2-865D-45C27F35C7ED}.Release|x86.Build.0 = Release|Any CPU
		{8A172552-D8F0-477F-9575-B370615FE495}.Debug|Any CPU.ActiveCfg = Debug|Any CPU
		{8A172552-D8F0-477F-9575-B370615FE495}.Debug|Any CPU.Build.0 = Debug|Any CPU
		{8A172552-D8F0-477F-9575-B370615FE495}.Debug|x86.ActiveCfg = Debug|Any CPU
		{8A172552-D8F0-477F-9575-B370615FE495}.Debug|x86.Build.0 = Debug|Any CPU
		{8A172552-D8F0-477F-9575-B370615FE495}.Release|Any CPU.ActiveCfg = Release|Any CPU
		{8A172552-D8F0-477F-9575-B370615FE495}.Release|Any CPU.Build.0 = Release|Any CPU
		{8A172552-D8F0-477F-9575-B370615FE495}.Release|x86.ActiveCfg = Release|Any CPU
		{8A172552-D8F0-477F-9575-B370615FE495}.Release|x86.Build.0 = Release|Any CPU
		{C553935B-E009-4219-B42D-01F87A35275B}.Debug|Any CPU.ActiveCfg = Debug|Any CPU
		{C553935B-E009-4219-B42D-01F87A35275B}.Debug|Any CPU.Build.0 = Debug|Any CPU
		{C553935B-E009-4219-B42D-01F87A35275B}.Debug|x86.ActiveCfg = Debug|Any CPU
		{C553935B-E009-4219-B42D-01F87A35275B}.Debug|x86.Build.0 = Debug|Any CPU
		{C553935B-E009-4219-B42D-01F87A35275B}.Release|Any CPU.ActiveCfg = Release|Any CPU
		{C553935B-E009-4219-B42D-01F87A35275B}.Release|Any CPU.Build.0 = Release|Any CPU
		{C553935B-E009-4219-B42D-01F87A35275B}.Release|x86.ActiveCfg = Release|Any CPU
		{C553935B-E009-4219-B42D-01F87A35275B}.Release|x86.Build.0 = Release|Any CPU
	EndGlobalSection
	GlobalSection(SolutionProperties) = preSolution
		HideSolutionNode = FALSE
	EndGlobalSection
	GlobalSection(NestedProjects) = preSolution
		{7BB1E674-BC4C-4A4E-873E-FEE2F57AED4E} = {C7816907-144D-4EB4-B645-3E7E03BD4835}
		{C7816907-144D-4EB4-B645-3E7E03BD4835} = {9485D4F4-9E94-4058-A11B-40BD0511E99D}
		{85F6B20D-7DD1-4E73-959C-0457668CCE5F} = {346415FF-9233-459C-AE00-06ACFE985BC1}
		{4BE8D923-E856-40F3-9AB6-4DA4B760F24F} = {346415FF-9233-459C-AE00-06ACFE985BC1}
		{B9AA6117-3A61-4E16-9281-D4C4A9B5253F} = {346415FF-9233-459C-AE00-06ACFE985BC1}
		{16C3D5B3-4A1C-48B3-979F-29400BB2ECE7} = {346415FF-9233-459C-AE00-06ACFE985BC1}
		{A1B2C3D4-E5F6-7890-ABCD-EF1234567890} = {346415FF-9233-459C-AE00-06ACFE985BC1}
		{B1C2D3E4-F5A6-7890-ABCD-EF1234500001} = {A1B2C3D4-E5F6-7890-ABCD-EF1234567890}
		{B1C2D3E4-F5A6-7890-ABCD-EF1234500002} = {A1B2C3D4-E5F6-7890-ABCD-EF1234567890}
		{0842B45B-5B59-461D-AD13-22A7D0A8FC7C} = {C4FEF820-D0AA-44F2-9801-3A88644C6C9A}
		{A408421F-C695-4DB0-B060-7D032E37A073} = {9485D4F4-9E94-4058-A11B-40BD0511E99D}
		{2031AB24-E14F-411C-9A76-52260A050DAB} = {9485D4F4-9E94-4058-A11B-40BD0511E99D}
		{3260AC1C-97A0-417C-B6CC-C188073DDB6B} = {9485D4F4-9E94-4058-A11B-40BD0511E99D}
		{43DB3DC0-2D44-47A7-839B-1F7E07113E12} = {A408421F-C695-4DB0-B060-7D032E37A073}
		{8609D374-1632-4CC2-865D-45C27F35C7ED} = {3260AC1C-97A0-417C-B6CC-C188073DDB6B}
		{8A172552-D8F0-477F-9575-B370615FE495} = {2031AB24-E14F-411C-9A76-52260A050DAB}
		{C553935B-E009-4219-B42D-01F87A35275B} = {C4FEF820-D0AA-44F2-9801-3A88644C6C9A}
	EndGlobalSection
	GlobalSection(ExtensibilityGlobals) = postSolution
		SolutionGuid = {541B563F-712B-4BF0-851D-756E0B417E4C}
	EndGlobalSection
EndGlobal
